
Microsoft Visual Studio Solution File, Format Version 12.00
# Visual Studio Version 16
VisualStudioVersion = 16.0.29613.14
MinimumVisualStudioVersion = 10.0.40219.1
Project("{9A19103F-16F7-4668-BE54-9A1E7A4F7556}") = "RandomNumber", "RandomNumber\RandomNumber.csproj", "{32A27DAD-6C73-42C2-8066-0951E44128DE}"
EndProject
Project("{FAE04EC0-301F-11D3-BF4B-00C04F79EFBC}") = "Hashing", "Hashing\Hashing.csproj", "{4A4A85BC-BD26-4310-89CA-D0D16A3D0C96}"
EndProject
Global
	GlobalSection(SolutionConfigurationPlatforms) = preSolution
		Debug|Any CPU = Debug|Any CPU
		Release|Any CPU = Release|Any CPU
	EndGlobalSection
	GlobalSection(ProjectConfigurationPlatforms) = postSolution
		{32A27DAD-6C73-42C2-8066-0951E44128DE}.Debug|Any CPU.ActiveCfg = Debug|Any CPU
		{32A27DAD-6C73-42C2-8066-0951E44128DE}.Debug|Any CPU.Build.0 = Debug|Any CPU
		{32A27DAD-6C73-42C2-8066-0951E44128DE}.Release|Any CPU.ActiveCfg = Release|Any CPU
		{32A27DAD-6C73-42C2-8066-0951E44128DE}.Release|Any CPU.Build.0 = Release|Any CPU
		{4A4A85BC-BD26-4310-89CA-D0D16A3D0C96}.Debug|Any CPU.ActiveCfg = Debug|Any CPU
		{4A4A85BC-BD26-4310-89CA-D0D16A3D0C96}.Debug|Any CPU.Build.0 = Debug|Any CPU
		{4A4A85BC-BD26-4310-89CA-D0D16A3D0C96}.Release|Any CPU.ActiveCfg = Release|Any CPU
		{4A4A85BC-BD26-4310-89CA-D0D16A3D0C96}.Release|Any CPU.Build.0 = Release|Any CPU
	EndGlobalSection
	GlobalSection(SolutionProperties) = preSolution
		HideSolutionNode = FALSE
	EndGlobalSection
	GlobalSection(ExtensibilityGlobals) = postSolution
		SolutionGuid = {72CC9BC0-EF31-4F5E-85B8-A966EF60648E}
	EndGlobalSection
EndGlobal
